// !$*UTF8*$!
{
	archiveVersion = 1;
	classes = {
	};
	objectVersion = 46;
	objects = {

/* Begin PBXBuildFile section */
		6768E63F1BE191E4003AD709 /* main.m in Sources */ = {isa = PBXBuildFile; fileRef = 6768E63E1BE191E4003AD709 /* main.m */; };
		6768E6421BE191E4003AD709 /* AppDelegate.m in Sources */ = {isa = PBXBuildFile; fileRef = 6768E6411BE191E4003AD709 /* AppDelegate.m */; };
		6768E6451BE191E4003AD709 /* ViewController.m in Sources */ = {isa = PBXBuildFile; fileRef = 6768E6441BE191E4003AD709 /* ViewController.m */; };
		6768E6481BE191E4003AD709 /* Main.storyboard in Resources */ = {isa = PBXBuildFile; fileRef = 6768E6461BE191E4003AD709 /* Main.storyboard */; };
		6768E64A1BE191E4003AD709 /* Assets.xcassets in Resources */ = {isa = PBXBuildFile; fileRef = 6768E6491BE191E4003AD709 /* Assets.xcassets */; };
		6768E64D1BE191E4003AD709 /* LaunchScreen.storyboard in Resources */ = {isa = PBXBuildFile; fileRef = 6768E64B1BE191E4003AD709 /* LaunchScreen.storyboard */; };
		6768E6561BE19283003AD709 /* Networking.m in Sources */ = {isa = PBXBuildFile; fileRef = 6768E6551BE19283003AD709 /* Networking.m */; settings = {ASSET_TAGS = (); }; };
		6768E65D1BE19E06003AD709 /* FlickrTableViewCell.m in Sources */ = {isa = PBXBuildFile; fileRef = 6768E65B1BE19E06003AD709 /* FlickrTableViewCell.m */; settings = {ASSET_TAGS = (); }; };
		6768E65E1BE19E06003AD709 /* FlickrTableViewCell.xib in Resources */ = {isa = PBXBuildFile; fileRef = 6768E65C1BE19E06003AD709 /* FlickrTableViewCell.xib */; settings = {ASSET_TAGS = (); }; };
/* End PBXBuildFile section */

/* Begin PBXFileReference section */
		6768E63A1BE191E4003AD709 /* FlickrIosSearch.app */ = {isa = PBXFileReference; explicitFileType = wrapper.application; includeInIndex = 0; path = FlickrIosSearch.app; sourceTree = BUILT_PRODUCTS_DIR; };
		6768E63E1BE191E4003AD709 /* main.m */ = {isa = PBXFileReference; lastKnownFileType = sourcecode.c.objc; path = main.m; sourceTree = "<group>"; };
		6768E6401BE191E4003AD709 /* AppDelegate.h */ = {isa = PBXFileReference; lastKnownFileType = sourcecode.c.h; path = AppDelegate.h; sourceTree = "<group>"; };
		6768E6411BE191E4003AD709 /* AppDelegate.m */ = {isa = PBXFileReference; lastKnownFileType = sourcecode.c.objc; path = AppDelegate.m; sourceTree = "<group>"; };
		6768E6431BE191E4003AD709 /* ViewController.h */ = {isa = PBXFileReference; lastKnownFileType = sourcecode.c.h; path = ViewController.h; sourceTree = "<group>"; };
		6768E6441BE191E4003AD709 /* ViewController.m */ = {isa = PBXFileReference; lastKnownFileType = sourcecode.c.objc; path = ViewController.m; sourceTree = "<group>"; };
		6768E6471BE191E4003AD709 /* Base */ = {isa = PBXFileReference; lastKnownFileType = file.storyboard; name = Base; path = Base.lproj/Main.storyboard; sourceTree = "<group>"; };
		6768E6491BE191E4003AD709 /* Assets.xcassets */ = {isa = PBXFileReference; lastKnownFileType = folder.assetcatalog; path = Assets.xcassets; sourceTree = "<group>"; };
		6768E64C1BE191E4003AD709 /* Base */ = {isa = PBXFileReference; lastKnownFileType = file.storyboard; name = Base; path = Base.lproj/LaunchScreen.storyboard; sourceTree = "<group>"; };
		6768E64E1BE191E4003AD709 /* Info.plist */ = {isa = PBXFileReference; lastKnownFileType = text.plist.xml; path = Info.plist; sourceTree = "<group>"; };
		6768E6541BE19283003AD709 /* Networking.h */ = {isa = PBXFileReference; fileEncoding = 4; lastKnownFileType = sourcecode.c.h; path = Networking.h; sourceTree = "<group>"; };
		6768E6551BE19283003AD709 /* Networking.m */ = {isa = PBXFileReference; fileEncoding = 4; lastKnownFileType = sourcecode.c.objc; path = Networking.m; sourceTree = "<group>"; };
		6768E65A1BE19E06003AD709 /* FlickrTableViewCell.h */ = {isa = PBXFileReference; fileEncoding = 4; lastKnownFileType = sourcecode.c.h; path = FlickrTableViewCell.h; sourceTree = "<group>"; };
		6768E65B1BE19E06003AD709 /* FlickrTableViewCell.m */ = {isa = PBXFileReference; fileEncoding = 4; lastKnownFileType = sourcecode.c.objc; path = FlickrTableViewCell.m; sourceTree = "<group>"; };
		6768E65C1BE19E06003AD709 /* FlickrTableViewCell.xib */ = {isa = PBXFileReference; fileEncoding = 4; lastKnownFileType = file.xib; path = FlickrTableViewCell.xib; sourceTree = "<group>"; };
/* End PBXFileReference section */

/* Begin PBXFrameworksBuildPhase section */
		6768E6371BE191E4003AD709 /* Frameworks */ = {
			isa = PBXFrameworksBuildPhase;
			buildActionMask = 2147483647;
			files = (
			);
			runOnlyForDeploymentPostprocessing = 0;
		};
/* End PBXFrameworksBuildPhase section */

/* Begin PBXGroup section */
		6768E6311BE191E4003AD709 = {
			isa = PBXGroup;
			children = (
				6768E63C1BE191E4003AD709 /* FlickrIosSearch */,
				6768E63B1BE191E4003AD709 /* Products */,
			);
			sourceTree = "<group>";
		};
		6768E63B1BE191E4003AD709 /* Products */ = {
			isa = PBXGroup;
			children = (
				6768E63A1BE191E4003AD709 /* FlickrIosSearch.app */,
			);
			name = Products;
			sourceTree = "<group>";
		};
		6768E63C1BE191E4003AD709 /* FlickrIosSearch */ = {
			isa = PBXGroup;
			children = (
				6768E6401BE191E4003AD709 /* AppDelegate.h */,
				6768E6411BE191E4003AD709 /* AppDelegate.m */,
				6768E6431BE191E4003AD709 /* ViewController.h */,
				6768E6441BE191E4003AD709 /* ViewController.m */,
				6768E6461BE191E4003AD709 /* Main.storyboard */,
				6768E6491BE191E4003AD709 /* Assets.xcassets */,
				6768E64B1BE191E4003AD709 /* LaunchScreen.storyboard */,
				6768E64E1BE191E4003AD709 /* Info.plist */,
				6768E63D1BE191E4003AD709 /* Supporting Files */,
				6768E6541BE19283003AD709 /* Networking.h */,
				6768E6551BE19283003AD709 /* Networking.m */,
				6768E65A1BE19E06003AD709 /* FlickrTableViewCell.h */,
				6768E65B1BE19E06003AD709 /* FlickrTableViewCell.m */,
				6768E65C1BE19E06003AD709 /* FlickrTableViewCell.xib */,
			);
			path = FlickrIosSearch;
			sourceTree = "<group>";
		};
		6768E63D1BE191E4003AD709 /* Supporting Files */ = {
			isa = PBXGroup;
			children = (
				6768E63E1BE191E4003AD709 /* main.m */,
			);
			name = "Supporting Files";
			sourceTree = "<group>";
		};
/* End PBXGroup section */

/* Begin PBXNativeTarget section */
		6768E6391BE191E4003AD709 /* FlickrIosSearch */ = {
			isa = PBXNativeTarget;
			buildConfigurationList = 6768E6511BE191E4003AD709 /* Build configuration list for PBXNativeTarget "FlickrIosSearch" */;
			buildPhases = (
				6768E6361BE191E4003AD709 /* Sources */,
				6768E6371BE191E4003AD709 /* Frameworks */,
				6768E6381BE191E4003AD709 /* Resources */,
			);
			buildRules = (
			);
			dependencies = (
			);
			name = FlickrIosSearch;
			productName = FlickrIosSearch;
			productReference = 6768E63A1BE191E4003AD709 /* FlickrIosSearch.app */;
			productType = "com.apple.product-type.application";
		};
/* End PBXNativeTarget section */

/* Begin PBXProject section */
		6768E6321BE191E4003AD709 /* Project object */ = {
			isa = PBXProject;
			attributes = {
				LastUpgradeCheck = 0700;
				ORGANIZATIONNAME = "Adam Hellewell";
				TargetAttributes = {
					6768E6391BE191E4003AD709 = {
						CreatedOnToolsVersion = 7.0.1;
					};
				};
			};
			buildConfigurationList = 6768E6351BE191E4003AD709 /* Build configuration list for PBXProject "FlickrIosSearch" */;
			compatibilityVersion = "Xcode 3.2";
			developmentRegion = English;
			hasScannedForEncodings = 0;
			knownRegions = (
				en,
				Base,
			);
			mainGroup = 6768E6311BE191E4003AD709;
			productRefGroup = 6768E63B1BE191E4003AD709 /* Products */;
			projectDirPath = "";
			projectRoot = "";
			targets = (
				6768E6391BE191E4003AD709 /* FlickrIosSearch */,
			);
		};
/* End PBXProject section */

/* Begin PBXResourcesBuildPhase section */
		6768E6381BE191E4003AD709 /* Resources */ = {
			isa = PBXResourcesBuildPhase;
			buildActionMask = 2147483647;
			files = (
				6768E64D1BE191E4003AD709 /* LaunchScreen.storyboard in Resources */,
				6768E64A1BE191E4003AD709 /* Assets.xcassets in Resources */,
				6768E65E1BE19E06003AD709 /* FlickrTableViewCell.xib in Resources */,
				6768E6481BE191E4003AD709 /* Main.storyboard in Resources */,
			);
			runOnlyForDeploymentPostprocessing = 0;
		};
/* End PBXResourcesBuildPhase section */

/* Begin PBXSourcesBuildPhase section */
		6768E6361BE191E4003AD709 /* Sources */ = {
			isa = PBXSourcesBuildPhase;
			buildActionMask = 2147483647;
			files = (
				6768E6451BE191E4003AD709 /* ViewController.m in Sources */,
				6768E6421BE191E4003AD709 /* AppDelegate.m in Sources */,
				6768E65D1BE19E06003AD709 /* FlickrTableViewCell.m in Sources */,
				6768E63F1BE191E4003AD709 /* main.m in Sources */,
				6768E6561BE19283003AD709 /* Networking.m in Sources */,
			);
			runOnlyForDeploymentPostprocessing = 0;
		};
/* End PBXSourcesBuildPhase section */

/* Begin PBXVariantGroup section */
		6768E6461BE191E4003AD709 /* Main.storyboard */ = {
			isa = PBXVariantGroup;
			children = (
				6768E6471BE191E4003AD709 /* Base */,
			);
			name = Main.storyboard;
			sourceTree = "<group>";
		};
		6768E64B1BE191E4003AD709 /* LaunchScreen.storyboard */ = {
			isa = PBXVariantGroup;
			children = (
				6768E64C1BE191E4003AD709 /* Base */,
			);
			name = LaunchScreen.storyboard;
			sourceTree = "<group>";
		};
/* End PBXVariantGroup section */

/* Begin XCBuildConfiguration section */
		6768E64F1BE191E4003AD709 /* Debug */ = {
			isa = XCBuildConfiguration;
			buildSettings = {
				ALWAYS_SEARCH_USER_PATHS = NO;
				CLANG_CXX_LANGUAGE_STANDARD = "gnu++0x";
				CLANG_CXX_LIBRARY = "libc++";
				CLANG_ENABLE_MODULES = YES;
				CLANG_ENABLE_OBJC_ARC = YES;
				CLANG_WARN_BOOL_CONVERSION = YES;
				CLANG_WARN_CONSTANT_CONVERSION = YES;
				CLANG_WARN_DIRECT_OBJC_ISA_USAGE = YES_ERROR;
				CLANG_WARN_EMPTY_BODY = YES;
				CLANG_WARN_ENUM_CONVERSION = YES;
				CLANG_WARN_INT_CONVERSION = YES;
				CLANG_WARN_OBJC_ROOT_CLASS = YES_ERROR;
				CLANG_WARN_UNREACHABLE_CODE = YES;
				CLANG_WARN__DUPLICATE_METHOD_MATCH = YES;
				"CODE_SIGN_IDENTITY[sdk=iphoneos*]" = "iPhone Developer";
				COPY_PHASE_STRIP = NO;
				DEBUG_INFORMATION_FORMAT = dwarf;
				ENABLE_STRICT_OBJC_MSGSEND = YES;
				ENABLE_TESTABILITY = YES;
				GCC_C_LANGUAGE_STANDARD = gnu99;
				GCC_DYNAMIC_NO_PIC = NO;
				GCC_NO_COMMON_BLOCKS = YES;
				GCC_OPTIMIZATION_LEVEL = 0;
				GCC_PREPROCESSOR_DEFINITIONS = (
					"DEBUG=1",
					"$(inherited)",
				);
				GCC_WARN_64_TO_32_BIT_CONVERSION = YES;
				GCC_WARN_ABOUT_RETURN_TYPE = YES_ERROR;
				GCC_WARN_UNDECLARED_SELECTOR = YES;
				GCC_WARN_UNINITIALIZED_AUTOS = YES_AGGRESSIVE;
				GCC_WARN_UNUSED_FUNCTION = YES;
				GCC_WARN_UNUSED_VARIABLE = YES;
				IPHONEOS_DEPLOYMENT_TARGET = 9.0;
				MTL_ENABLE_DEBUG_INFO = YES;
				ONLY_ACTIVE_ARCH = YES;
				SDKROOT = iphoneos;
				TARGETED_DEVICE_FAMILY = "1,2";
			};
			name = Debug;
		};
		6768E6501BE191E4003AD709 /* Release */ = {
			isa = XCBuildConfiguration;
			buildSettings = {
				ALWAYS_SEARCH_USER_PATHS = NO;
				CLANG_CXX_LANGUAGE_STANDARD = "gnu++0x";
				CLANG_CXX_LIBRARY = "libc++";
				CLANG_ENABLE_MODULES = YES;
				CLANG_ENABLE_OBJC_ARC = YES;
				CLANG_WARN_BOOL_CONVERSION = YES;
				CLANG_WARN_CONSTANT_CONVERSION = YES;
				CLANG_WARN_DIRECT_OBJC_ISA_USAGE = YES_ERROR;
				CLANG_WARN_EMPTY_BODY = YES;
				CLANG_WARN_ENUM_CONVERSION = YES;
				CLANG_WARN_INT_CONVERSION = YES;
				CLANG_WARN_OBJC_ROOT_CLASS = YES_ERROR;
				CLANG_WARN_UNREACHABLE_CODE = YES;
				CLANG_WARN__DUPLICATE_METHOD_MATCH = YES;
				"CODE_SIGN_IDENTITY[sdk=iphoneos*]" = "iPhone Developer";
				COPY_PHASE_STRIP = NO;
				DEBUG_INFORMATION_FORMAT = "dwarf-with-dsym";
				ENABLE_NS_ASSERTIONS = NO;
				ENABLE_STRICT_OBJC_MSGSEND = YES;
				GCC_C_LANGUAGE_STANDARD = gnu99;
				GCC_NO_COMMON_BLOCKS = YES;
				GCC_WARN_64_TO_32_BIT_CONVERSION = YES;
				GCC_WARN_ABOUT_RETURN_TYPE = YES_ERROR;
				GCC_WARN_UNDECLARED_SELECTOR = YES;
				GCC_WARN_UNINITIALIZED_AUTOS = YES_AGGRESSIVE;
				GCC_WARN_UNUSED_FUNCTION = YES;
				GCC_WARN_UNUSED_VARIABLE = YES;
				IPHONEOS_DEPLOYMENT_TARGET = 9.0;
				MTL_ENABLE_DEBUG_INFO = NO;
				SDKROOT = iphoneos;
				TARGETED_DEVICE_FAMILY = "1,2";
				VALIDATE_PRODUCT = YES;
			};
			name = Release;
		};
		6768E6521BE191E4003AD709 /* Debug */ = {
			isa = XCBuildConfiguration;
			buildSettings = {
				ASSETCATALOG_COMPILER_APPICON_NAME = AppIcon;
				INFOPLIST_FILE = FlickrIosSearch/Info.plist;
				IPHONEOS_DEPLOYMENT_TARGET = 8.0;
				LD_RUNPATH_SEARCH_PATHS = "$(inherited) @executable_path/Frameworks";
				PRODUCT_BUNDLE_IDENTIFIER = com.adam.FlickrIosSearch;
				PRODUCT_NAME = "$(TARGET_NAME)";
			};
			name = Debug;
		};
		6768E6531BE191E4003AD709 /* Release */ = {
			isa = XCBuildConfiguration;
			buildSettings = {
				ASSETCATALOG_COMPILER_APPICON_NAME = AppIcon;
				INFOPLIST_FILE = FlickrIosSearch/Info.plist;
				IPHONEOS_DEPLOYMENT_TARGET = 8.0;
				LD_RUNPATH_SEARCH_PATHS = "$(inherited) @executable_path/Frameworks";
				PRODUCT_BUNDLE_IDENTIFIER = com.adam.FlickrIosSearch;
				PRODUCT_NAME = "$(TARGET_NAME)";
			};
			name = Release;
		};
/* End XCBuildConfiguration section */

/* Begin XCConfigurationList section */
		6768E6351BE191E4003AD709 /* Build configuration list for PBXProject "FlickrIosSearch" */ = {
			isa = XCConfigurationList;
			buildConfigurations = (
				6768E64F1BE191E4003AD709 /* Debug */,
				6768E6501BE191E4003AD709 /* Release */,
			);
			defaultConfigurationIsVisible = 0;
			defaultConfigurationName = Release;
		};
		6768E6511BE191E4003AD709 /* Build configuration list for PBXNativeTarget "FlickrIosSearch" */ = {
			isa = XCConfigurationList;
			buildConfigurations = (
				6768E6521BE191E4003AD709 /* Debug */,
				6768E6531BE191E4003AD709 /* Release */,
			);
			defaultConfigurationIsVisible = 0;
		};
/* End XCConfigurationList section */
	};
	rootObject = 6768E6321BE191E4003AD709 /* Project object */;
}
